
Microsoft Visual Studio Solution File, Format Version 12.00
# Visual Studio Version 16
VisualStudioVersion = 16.0.31911.196
MinimumVisualStudioVersion = 10.0.40219.1
Project("{9A19103F-16F7-4668-BE54-9A1E7A4F7556}") = "TASK-1", "TASK-1\TASK-1.csproj", "{C7FD8AB5-C160-4176-BF6B-2A73622DC93D}"
EndProject
Project("{9A19103F-16F7-4668-BE54-9A1E7A4F7556}") = "TASK-2", "TASK-2\TASK-2.csproj", "{15A44257-04B5-4A07-AA33-E8A440FF866C}"
EndProject
Project("{9A19103F-16F7-4668-BE54-9A1E7A4F7556}") = "TASK-3", "TASK-3\TASK-3.csproj", "{448EE7FA-DCA3-42FD-8581-90E7917AED70}"
EndProject
Project("{9A19103F-16F7-4668-BE54-9A1E7A4F7556}") = "TASK-4", "TASK-4\TASK-4.csproj", "{7B567C60-22DB-42DF-8F46-BF79EB96CE0E}"
EndProject
Project("{9A19103F-16F7-4668-BE54-9A1E7A4F7556}") = "TASK-5", "TASK-5\TASK-5.csproj", "{11DFC483-44DF-44E4-B98B-E019DFBBEBD1}"
EndProject
Project("{FAE04EC0-301F-11D3-BF4B-00C04F79EFBC}") = "TASK-6", "TASK-6\TASK-6.csproj", "{6356E0B1-3D19-4672-90BD-C8057173E74A}"
EndProject
Project("{FAE04EC0-301F-11D3-BF4B-00C04F79EFBC}") = "TASK-7", "TASK-7\TASK-7.csproj", "{E17D39F7-5A41-4C7E-A36A-9F6443F704C2}"
EndProject
Project("{FAE04EC0-301F-11D3-BF4B-00C04F79EFBC}") = "TASK-8", "TASK-8\TASK-8.csproj", "{D1C2E376-683E-41EF-ACF1-C82EE1681BA4}"
EndProject
Global
	GlobalSection(SolutionConfigurationPlatforms) = preSolution
		Debug|Any CPU = Debug|Any CPU
		Release|Any CPU = Release|Any CPU
	EndGlobalSection
	GlobalSection(ProjectConfigurationPlatforms) = postSolution
		{C7FD8AB5-C160-4176-BF6B-2A73622DC93D}.Debug|Any CPU.ActiveCfg = Debug|Any CPU
		{C7FD8AB5-C160-4176-BF6B-2A73622DC93D}.Debug|Any CPU.Build.0 = Debug|Any CPU
		{C7FD8AB5-C160-4176-BF6B-2A73622DC93D}.Release|Any CPU.ActiveCfg = Release|Any CPU
		{C7FD8AB5-C160-4176-BF6B-2A73622DC93D}.Release|Any CPU.Build.0 = Release|Any CPU
		{15A44257-04B5-4A07-AA33-E8A440FF866C}.Debug|Any CPU.ActiveCfg = Debug|Any CPU
		{15A44257-04B5-4A07-AA33-E8A440FF866C}.Debug|Any CPU.Build.0 = Debug|Any CPU
		{15A44257-04B5-4A07-AA33-E8A440FF866C}.Release|Any CPU.ActiveCfg = Release|Any CPU
		{15A44257-04B5-4A07-AA33-E8A440FF866C}.Release|Any CPU.Build.0 = Release|Any CPU
		{448EE7FA-DCA3-42FD-8581-90E7917AED70}.Debug|Any CPU.ActiveCfg = Debug|Any CPU
		{448EE7FA-DCA3-42FD-8581-90E7917AED70}.Debug|Any CPU.Build.0 = Debug|Any CPU
		{448EE7FA-DCA3-42FD-8581-90E7917AED70}.Release|Any CPU.ActiveCfg = Release|Any CPU
		{448EE7FA-DCA3-42FD-8581-90E7917AED70}.Release|Any CPU.Build.0 = Release|Any CPU
		{7B567C60-22DB-42DF-8F46-BF79EB96CE0E}.Debug|Any CPU.ActiveCfg = Debug|Any CPU
		{7B567C60-22DB-42DF-8F46-BF79EB96CE0E}.Debug|Any CPU.Build.0 = Debug|Any CPU
		{7B567C60-22DB-42DF-8F46-BF79EB96CE0E}.Release|Any CPU.ActiveCfg = Release|Any CPU
		{7B567C60-22DB-42DF-8F46-BF79EB96CE0E}.Release|Any CPU.Build.0 = Release|Any CPU
		{11DFC483-44DF-44E4-B98B-E019DFBBEBD1}.Debug|Any CPU.ActiveCfg = Debug|Any CPU
		{11DFC483-44DF-44E4-B98B-E019DFBBEBD1}.Debug|Any CPU.Build.0 = Debug|Any CPU
		{11DFC483-44DF-44E4-B98B-E019DFBBEBD1}.Release|Any CPU.ActiveCfg = Release|Any CPU
		{11DFC483-44DF-44E4-B98B-E019DFBBEBD1}.Release|Any CPU.Build.0 = Release|Any CPU
		{6356E0B1-3D19-4672-90BD-C8057173E74A}.Debug|Any CPU.ActiveCfg = Debug|Any CPU
		{6356E0B1-3D19-4672-90BD-C8057173E74A}.Debug|Any CPU.Build.0 = Debug|Any CPU
		{6356E0B1-3D19-4672-90BD-C8057173E74A}.Release|Any CPU.ActiveCfg = Release|Any CPU
		{6356E0B1-3D19-4672-90BD-C8057173E74A}.Release|Any CPU.Build.0 = Release|Any CPU
		{E17D39F7-5A41-4C7E-A36A-9F6443F704C2}.Debug|Any CPU.ActiveCfg = Debug|Any CPU
		{E17D39F7-5A41-4C7E-A36A-9F6443F704C2}.Debug|Any CPU.Build.0 = Debug|Any CPU
		{E17D39F7-5A41-4C7E-A36A-9F6443F704C2}.Release|Any CPU.ActiveCfg = Release|Any CPU
		{E17D39F7-5A41-4C7E-A36A-9F6443F704C2}.Release|Any CPU.Build.0 = Release|Any CPU
		{D1C2E376-683E-41EF-ACF1-C82EE1681BA4}.Debug|Any CPU.ActiveCfg = Debug|Any CPU
		{D1C2E376-683E-41EF-ACF1-C82EE1681BA4}.Debug|Any CPU.Build.0 = Debug|Any CPU
		{D1C2E376-683E-41EF-ACF1-C82EE1681BA4}.Release|Any CPU.ActiveCfg = Release|Any CPU
		{D1C2E376-683E-41EF-ACF1-C82EE1681BA4}.Release|Any CPU.Build.0 = Release|Any CPU
	EndGlobalSection
	GlobalSection(SolutionProperties) = preSolution
		HideSolutionNode = FALSE
	EndGlobalSection
	GlobalSection(ExtensibilityGlobals) = postSolution
		SolutionGuid = {E8E8B6C3-41DF-48CA-A0B4-F617F87175A7}
	EndGlobalSection
EndGlobal
